{
  "name": "plottertools",
  "version": "1.0.0",
  "lockfileVersion": 3,
  "requires": true,
  "packages": {
    "": {
      "name": "plottertools",
      "version": "1.0.0",
      "license": "ISC",
      "dependencies": {
        "@spectrum-css/actionbutton": "^3.0.20",
        "@spectrum-css/button": "^9.0.8",
        "@spectrum-css/divider": "^2.0.19",
        "@spectrum-css/page": "^5.0.19",
        "@spectrum-css/typography": "^4.0.29",
        "@spectrum-css/vars": "^8.0.5",
        "types-for-adobe": "^7.0.12"
      }
    },
    "node_modules/@spectrum-css/actionbutton": {
      "version": "3.0.20",
      "resolved": "https://registry.npmjs.org/@spectrum-css/actionbutton/-/actionbutton-3.0.20.tgz",
      "integrity": "sha512-gGy8tNVfRCSCY0yMePzxqlBIVT5/xiG624hkuxcqrT9b4PbPxkMmFeUovcNQyjusZxrBq/WtiLVpKPqqHUm58g==",
      "peerDependencies": {
        "@spectrum-css/icon": "^3.0.0",
        "@spectrum-css/tokens": "^7.0.0"
      }
    },
    "node_modules/@spectrum-css/button": {
      "version": "9.0.8",
      "resolved": "https://registry.npmjs.org/@spectrum-css/button/-/button-9.0.8.tgz",
      "integrity": "sha512-lUTJTg5JzvOYLSHEGOpFK9DKojtc6hWpCrJX5PACgwvgkyJ5JOjxmpK10SSyFQtAwFnDHjlzwSBNGdNaxEW0ug==",
      "peerDependencies": {
        "@spectrum-css/tokens": "^7.0.0"
      }
    },
    "node_modules/@spectrum-css/divider": {
      "version": "2.0.19",
      "resolved": "https://registry.npmjs.org/@spectrum-css/divider/-/divider-2.0.19.tgz",
      "integrity": "sha512-LU93hD1wdc0mcaeA/3+6SuPdR7BTvQqwYgKkTLd02Uu5A/rvqamumvKNkFc0hbLpzuKippSjmw2j+zS++KMi1g==",
      "peerDependencies": {
        "@spectrum-css/tokens": "^7.0.0"
      }
    },
    "node_modules/@spectrum-css/icon": {
      "version": "3.0.35",
      "resolved": "https://registry.npmjs.org/@spectrum-css/icon/-/icon-3.0.35.tgz",
      "integrity": "sha512-X+8L72AWwJD5pukFIIEKkf8DeDVCg14PIZDpInV8ZhvgCXlpHuZ3b422C2e/p8PsfRX0CMRT3on1mzLm2k6JqQ==",
      "peer": true,
      "peerDependencies": {
        "@spectrum-css/vars": "^8.0.0"
      }
    },
    "node_modules/@spectrum-css/page": {
      "version": "5.0.19",
      "resolved": "https://registry.npmjs.org/@spectrum-css/page/-/page-5.0.19.tgz",
      "integrity": "sha512-8jw2iyiTClGq36ITUVmv4i8s8fmEw/sGdo4nzbWlcdqKQ6aF/rWaBQ1o1Ig3f0srG46bH02dd5/2XdHNVDF2tw==",
      "dependencies": {
        "@spectrum-css/vars": "^8.0.5"
      }
    },
    "node_modules/@spectrum-css/tokens": {
      "version": "7.5.1",
      "resolved": "https://registry.npmjs.org/@spectrum-css/tokens/-/tokens-7.5.1.tgz",
      "integrity": "sha512-wTWFvu6ymE4zwfMFPle4V12WdOYHJzqvuxCjWL6kKrTIBxiX5a2LQtmUm/dQR1MAny7HitV5S9CfhCM2UutlPw==",
      "peer": true
    },
    "node_modules/@spectrum-css/typography": {
      "version": "4.0.29",
      "resolved": "https://registry.npmjs.org/@spectrum-css/typography/-/typography-4.0.29.tgz",
      "integrity": "sha512-1C1XkOz+Pn4MFoTJIZhnijsMpN+jPM1VwBuU1iRC4oDrW/gZ2bXxCJ0HS7ExupQazr7JK0flPOI3uTH1aTKrZg==",
      "peerDependencies": {
        "@spectrum-css/vars": "^8.0.0"
      }
    },
    "node_modules/@spectrum-css/vars": {
      "version": "8.0.5",
      "resolved": "https://registry.npmjs.org/@spectrum-css/vars/-/vars-8.0.5.tgz",
      "integrity": "sha512-62FAqSmAj1LJd+TxEAh7dP6K+AF8gZtvgNiesUEg1ep/hyzefRD9gbtRlMH5O6DGeOlxOByRBaIbDFYPzwSfsw=="
    },
    "node_modules/types-for-adobe": {
      "version": "7.0.12",
      "resolved": "https://registry.npmjs.org/types-for-adobe/-/types-for-adobe-7.0.12.tgz",
      "integrity": "sha512-J45QGDJYI0OjxzvxaVmDypOJD4aVSP+ElB2m2HTuVJGkYa+0ED0sNTIfmla/46c6gZBUFcDVO2EvZ3hqT5gcnw=="
    }
  }
}
